
Microsoft Visual Studio Solution File, Format Version 12.00
# Visual Studio Version 17
VisualStudioVersion = 17.9.34902.65
MinimumVisualStudioVersion = 10.0.40219.1
Project("{9A19103F-16F7-4668-BE54-9A1E7A4F7556}") = "DataAccessBlazorServer", "..\BlazorApp3\DataAccessBlazorServer.csproj", "{DAA62D61-554B-4C8E-80CB-484AD74F377F}"
EndProject
Project("{FAE04EC0-301F-11D3-BF4B-00C04F79EFBC}") = "MiniAmazonSimulation", "MiniAmazonSimulation\MiniAmazonSimulation.csproj", "{796A62FB-72B3-4F45-860C-474329DC3C47}"
EndProject
Global
	GlobalSection(SolutionConfigurationPlatforms) = preSolution
		Debug|Any CPU = Debug|Any CPU
		Release|Any CPU = Release|Any CPU
	EndGlobalSection
	GlobalSection(ProjectConfigurationPlatforms) = postSolution
		{DAA62D61-554B-4C8E-80CB-484AD74F377F}.Debug|Any CPU.ActiveCfg = Debug|Any CPU
		{DAA62D61-554B-4C8E-80CB-484AD74F377F}.Debug|Any CPU.Build.0 = Debug|Any CPU
		{DAA62D61-554B-4C8E-80CB-484AD74F377F}.Release|Any CPU.ActiveCfg = Release|Any CPU
		{DAA62D61-554B-4C8E-80CB-484AD74F377F}.Release|Any CPU.Build.0 = Release|Any CPU
		{796A62FB-72B3-4F45-860C-474329DC3C47}.Debug|Any CPU.ActiveCfg = Debug|Any CPU
		{796A62FB-72B3-4F45-860C-474329DC3C47}.Debug|Any CPU.Build.0 = Debug|Any CPU
		{796A62FB-72B3-4F45-860C-474329DC3C47}.Release|Any CPU.ActiveCfg = Release|Any CPU
		{796A62FB-72B3-4F45-860C-474329DC3C47}.Release|Any CPU.Build.0 = Release|Any CPU
	EndGlobalSection
	GlobalSection(SolutionProperties) = preSolution
		HideSolutionNode = FALSE
	EndGlobalSection
	GlobalSection(ExtensibilityGlobals) = postSolution
		SolutionGuid = {DD364D1D-6477-4130-BD54-E332726B53CD}
	EndGlobalSection
EndGlobal
